// !$*UTF8*$!
{
	archiveVersion = 1;
	classes = {
	};
	objectVersion = 56;
	objects = {

/* Begin PBXBuildFile section */
		8E15609C2C02340A00101444 /* ContributionGraphApp.swift in Sources */ = {isa = PBXBuildFile; fileRef = 8E15609B2C02340A00101444 /* ContributionGraphApp.swift */; };
		8E15609E2C02340A00101444 /* ContentView.swift in Sources */ = {isa = PBXBuildFile; fileRef = 8E15609D2C02340A00101444 /* ContentView.swift */; };
		8E1560A02C02340B00101444 /* Assets.xcassets in Resources */ = {isa = PBXBuildFile; fileRef = 8E15609F2C02340B00101444 /* Assets.xcassets */; };
		8E1560A32C02340B00101444 /* Preview Assets.xcassets in Resources */ = {isa = PBXBuildFile; fileRef = 8E1560A22C02340B00101444 /* Preview Assets.xcassets */; };
		8E1560C62C02342400101444 /* ContributionGraphView.swift in Sources */ = {isa = PBXBuildFile; fileRef = 8E1560C52C02342400101444 /* ContributionGraphView.swift */; };
		8E1560C92C023E4B00101444 /* CalendarDate.swift in Sources */ = {isa = PBXBuildFile; fileRef = 8E1560C82C023E4B00101444 /* CalendarDate.swift */; };
		8E1560CB2C023EAA00101444 /* MultiMonthCalendarView.swift in Sources */ = {isa = PBXBuildFile; fileRef = 8E1560CA2C023EAA00101444 /* MultiMonthCalendarView.swift */; };
		8E1560CE2C023F0000101444 /* Helper.swift in Sources */ = {isa = PBXBuildFile; fileRef = 8E1560CD2C023F0000101444 /* Helper.swift */; };
		8E820D942C02B65C00CCB746 /* ContributionGraphTests.swift in Sources */ = {isa = PBXBuildFile; fileRef = 8E820D932C02B65C00CCB746 /* ContributionGraphTests.swift */; };
		8E820D9B2C02B6B000CCB746 /* HelperTests.swift in Sources */ = {isa = PBXBuildFile; fileRef = 8E820D9A2C02B6B000CCB746 /* HelperTests.swift */; };
/* End PBXBuildFile section */

/* Begin PBXContainerItemProxy section */
		8E820D952C02B65C00CCB746 /* PBXContainerItemProxy */ = {
			isa = PBXContainerItemProxy;
			containerPortal = 8E1560902C02340A00101444 /* Project object */;
			proxyType = 1;
			remoteGlobalIDString = 8E1560972C02340A00101444;
			remoteInfo = ContributionGraph;
		};
/* End PBXContainerItemProxy section */

/* Begin PBXFileReference section */
		8E1560982C02340A00101444 /* ContributionGraph.app */ = {isa = PBXFileReference; explicitFileType = wrapper.application; includeInIndex = 0; path = ContributionGraph.app; sourceTree = BUILT_PRODUCTS_DIR; };
		8E15609B2C02340A00101444 /* ContributionGraphApp.swift */ = {isa = PBXFileReference; lastKnownFileType = sourcecode.swift; path = ContributionGraphApp.swift; sourceTree = "<group>"; };
		8E15609D2C02340A00101444 /* ContentView.swift */ = {isa = PBXFileReference; lastKnownFileType = sourcecode.swift; path = ContentView.swift; sourceTree = "<group>"; };
		8E15609F2C02340B00101444 /* Assets.xcassets */ = {isa = PBXFileReference; lastKnownFileType = folder.assetcatalog; path = Assets.xcassets; sourceTree = "<group>"; };
		8E1560A22C02340B00101444 /* Preview Assets.xcassets */ = {isa = PBXFileReference; lastKnownFileType = folder.assetcatalog; path = "Preview Assets.xcassets"; sourceTree = "<group>"; };
		8E1560C52C02342400101444 /* ContributionGraphView.swift */ = {isa = PBXFileReference; lastKnownFileType = sourcecode.swift; path = ContributionGraphView.swift; sourceTree = "<group>"; };
		8E1560C82C023E4B00101444 /* CalendarDate.swift */ = {isa = PBXFileReference; lastKnownFileType = sourcecode.swift; path = CalendarDate.swift; sourceTree = "<group>"; };
		8E1560CA2C023EAA00101444 /* MultiMonthCalendarView.swift */ = {isa = PBXFileReference; lastKnownFileType = sourcecode.swift; path = MultiMonthCalendarView.swift; sourceTree = "<group>"; };
		8E1560CD2C023F0000101444 /* Helper.swift */ = {isa = PBXFileReference; lastKnownFileType = sourcecode.swift; path = Helper.swift; sourceTree = "<group>"; };
		8E820D912C02B65C00CCB746 /* ContributionGraphTests.xctest */ = {isa = PBXFileReference; explicitFileType = wrapper.cfbundle; includeInIndex = 0; path = ContributionGraphTests.xctest; sourceTree = BUILT_PRODUCTS_DIR; };
		8E820D932C02B65C00CCB746 /* ContributionGraphTests.swift */ = {isa = PBXFileReference; lastKnownFileType = sourcecode.swift; path = ContributionGraphTests.swift; sourceTree = "<group>"; };
		8E820D9A2C02B6B000CCB746 /* HelperTests.swift */ = {isa = PBXFileReference; lastKnownFileType = sourcecode.swift; path = HelperTests.swift; sourceTree = "<group>"; };
/* End PBXFileReference section */

/* Begin PBXFrameworksBuildPhase section */
		8E1560952C02340A00101444 /* Frameworks */ = {
			isa = PBXFrameworksBuildPhase;
			buildActionMask = 2147483647;
			files = (
			);
			runOnlyForDeploymentPostprocessing = 0;
		};
		8E820D8E2C02B65C00CCB746 /* Frameworks */ = {
			isa = PBXFrameworksBuildPhase;
			buildActionMask = 2147483647;
			files = (
			);
			runOnlyForDeploymentPostprocessing = 0;
		};
/* End PBXFrameworksBuildPhase section */

/* Begin PBXGroup section */
		8E15608F2C02340A00101444 = {
			isa = PBXGroup;
			children = (
				8E15609A2C02340A00101444 /* ContributionGraph */,
				8E820D922C02B65C00CCB746 /* ContributionGraphTests */,
				8E1560992C02340A00101444 /* Products */,
				8E1560D22C02466000101444 /* Frameworks */,
			);
			sourceTree = "<group>";
		};
		8E1560992C02340A00101444 /* Products */ = {
			isa = PBXGroup;
			children = (
				8E1560982C02340A00101444 /* ContributionGraph.app */,
				8E820D912C02B65C00CCB746 /* ContributionGraphTests.xctest */,
			);
			name = Products;
			sourceTree = "<group>";
		};
		8E15609A2C02340A00101444 /* ContributionGraph */ = {
			isa = PBXGroup;
			children = (
				8E1560CF2C023F1200101444 /* View */,
				8E1560CC2C023EED00101444 /* Helper */,
				8E1560C72C023E1E00101444 /* Model */,
				8E15609B2C02340A00101444 /* ContributionGraphApp.swift */,
				8E15609D2C02340A00101444 /* ContentView.swift */,
				8E15609F2C02340B00101444 /* Assets.xcassets */,
				8E1560A12C02340B00101444 /* Preview Content */,
			);
			path = ContributionGraph;
			sourceTree = "<group>";
		};
		8E1560A12C02340B00101444 /* Preview Content */ = {
			isa = PBXGroup;
			children = (
				8E1560A22C02340B00101444 /* Preview Assets.xcassets */,
			);
			path = "Preview Content";
			sourceTree = "<group>";
		};
		8E1560C72C023E1E00101444 /* Model */ = {
			isa = PBXGroup;
			children = (
				8E1560C82C023E4B00101444 /* CalendarDate.swift */,
			);
			path = Model;
			sourceTree = "<group>";
		};
		8E1560CC2C023EED00101444 /* Helper */ = {
			isa = PBXGroup;
			children = (
				8E1560CD2C023F0000101444 /* Helper.swift */,
			);
			path = Helper;
			sourceTree = "<group>";
		};
		8E1560CF2C023F1200101444 /* View */ = {
			isa = PBXGroup;
			children = (
				8E1560C52C02342400101444 /* ContributionGraphView.swift */,
				8E1560CA2C023EAA00101444 /* MultiMonthCalendarView.swift */,
			);
			path = View;
			sourceTree = "<group>";
		};
		8E1560D22C02466000101444 /* Frameworks */ = {
			isa = PBXGroup;
			children = (
			);
			name = Frameworks;
			sourceTree = "<group>";
		};
		8E820D922C02B65C00CCB746 /* ContributionGraphTests */ = {
			isa = PBXGroup;
			children = (
				8E820D932C02B65C00CCB746 /* ContributionGraphTests.swift */,
				8E820D9A2C02B6B000CCB746 /* HelperTests.swift */,
			);
			path = ContributionGraphTests;
			sourceTree = "<group>";
		};
/* End PBXGroup section */

/* Begin PBXNativeTarget section */
		8E1560972C02340A00101444 /* ContributionGraph */ = {
			isa = PBXNativeTarget;
			buildConfigurationList = 8E1560BC2C02340B00101444 /* Build configuration list for PBXNativeTarget "ContributionGraph" */;
			buildPhases = (
				8E1560942C02340A00101444 /* Sources */,
				8E1560952C02340A00101444 /* Frameworks */,
				8E1560962C02340A00101444 /* Resources */,
			);
			buildRules = (
			);
			dependencies = (
			);
			name = ContributionGraph;
			productName = ContributionGraph;
			productReference = 8E1560982C02340A00101444 /* ContributionGraph.app */;
			productType = "com.apple.product-type.application";
		};
		8E820D902C02B65C00CCB746 /* ContributionGraphTests */ = {
			isa = PBXNativeTarget;
			buildConfigurationList = 8E820D972C02B65C00CCB746 /* Build configuration list for PBXNativeTarget "ContributionGraphTests" */;
			buildPhases = (
				8E820D8D2C02B65C00CCB746 /* Sources */,
				8E820D8E2C02B65C00CCB746 /* Frameworks */,
				8E820D8F2C02B65C00CCB746 /* Resources */,
			);
			buildRules = (
			);
			dependencies = (
				8E820D962C02B65C00CCB746 /* PBXTargetDependency */,
			);
			name = ContributionGraphTests;
			productName = ContributionGraphTests;
			productReference = 8E820D912C02B65C00CCB746 /* ContributionGraphTests.xctest */;
			productType = "com.apple.product-type.bundle.unit-test";
		};
/* End PBXNativeTarget section */

/* Begin PBXProject section */
		8E1560902C02340A00101444 /* Project object */ = {
			isa = PBXProject;
			attributes = {
				BuildIndependentTargetsInParallel = 1;
				LastSwiftUpdateCheck = 1540;
				LastUpgradeCheck = 1540;
				TargetAttributes = {
					8E1560972C02340A00101444 = {
						CreatedOnToolsVersion = 15.4;
					};
					8E820D902C02B65C00CCB746 = {
						CreatedOnToolsVersion = 15.4;
						TestTargetID = 8E1560972C02340A00101444;
					};
				};
			};
			buildConfigurationList = 8E1560932C02340A00101444 /* Build configuration list for PBXProject "ContributionGraph" */;
			compatibilityVersion = "Xcode 14.0";
			developmentRegion = en;
			hasScannedForEncodings = 0;
			knownRegions = (
				en,
				Base,
			);
			mainGroup = 8E15608F2C02340A00101444;
			productRefGroup = 8E1560992C02340A00101444 /* Products */;
			projectDirPath = "";
			projectRoot = "";
			targets = (
				8E1560972C02340A00101444 /* ContributionGraph */,
				8E820D902C02B65C00CCB746 /* ContributionGraphTests */,
			);
		};
/* End PBXProject section */

/* Begin PBXResourcesBuildPhase section */
		8E1560962C02340A00101444 /* Resources */ = {
			isa = PBXResourcesBuildPhase;
			buildActionMask = 2147483647;
			files = (
				8E1560A32C02340B00101444 /* Preview Assets.xcassets in Resources */,
				8E1560A02C02340B00101444 /* Assets.xcassets in Resources */,
			);
			runOnlyForDeploymentPostprocessing = 0;
		};
		8E820D8F2C02B65C00CCB746 /* Resources */ = {
			isa = PBXResourcesBuildPhase;
			buildActionMask = 2147483647;
			files = (
			);
			runOnlyForDeploymentPostprocessing = 0;
		};
/* End PBXResourcesBuildPhase section */

/* Begin PBXSourcesBuildPhase section */
		8E1560942C02340A00101444 /* Sources */ = {
			isa = PBXSourcesBuildPhase;
			buildActionMask = 2147483647;
			files = (
				8E1560CB2C023EAA00101444 /* MultiMonthCalendarView.swift in Sources */,
				8E1560C62C02342400101444 /* ContributionGraphView.swift in Sources */,
				8E1560C92C023E4B00101444 /* CalendarDate.swift in Sources */,
				8E15609E2C02340A00101444 /* ContentView.swift in Sources */,
				8E15609C2C02340A00101444 /* ContributionGraphApp.swift in Sources */,
				8E1560CE2C023F0000101444 /* Helper.swift in Sources */,
			);
			runOnlyForDeploymentPostprocessing = 0;
		};
		8E820D8D2C02B65C00CCB746 /* Sources */ = {
			isa = PBXSourcesBuildPhase;
			buildActionMask = 2147483647;
			files = (
				8E820D942C02B65C00CCB746 /* ContributionGraphTests.swift in Sources */,
				8E820D9B2C02B6B000CCB746 /* HelperTests.swift in Sources */,
			);
			runOnlyForDeploymentPostprocessing = 0;
		};
/* End PBXSourcesBuildPhase section */

/* Begin PBXTargetDependency section */
		8E820D962C02B65C00CCB746 /* PBXTargetDependency */ = {
			isa = PBXTargetDependency;
			target = 8E1560972C02340A00101444 /* ContributionGraph */;
			targetProxy = 8E820D952C02B65C00CCB746 /* PBXContainerItemProxy */;
		};
/* End PBXTargetDependency section */

/* Begin XCBuildConfiguration section */
		8E1560BA2C02340B00101444 /* Debug */ = {
			isa = XCBuildConfiguration;
			buildSettings = {
				ALWAYS_SEARCH_USER_PATHS = NO;
				ASSETCATALOG_COMPILER_GENERATE_SWIFT_ASSET_SYMBOL_EXTENSIONS = YES;
				CLANG_ANALYZER_NONNULL = YES;
				CLANG_ANALYZER_NUMBER_OBJECT_CONVERSION = YES_AGGRESSIVE;
				CLANG_CXX_LANGUAGE_STANDARD = "gnu++20";
				CLANG_ENABLE_MODULES = YES;
				CLANG_ENABLE_OBJC_ARC = YES;
				CLANG_ENABLE_OBJC_WEAK = YES;
				CLANG_WARN_BLOCK_CAPTURE_AUTORELEASING = YES;
				CLANG_WARN_BOOL_CONVERSION = YES;
				CLANG_WARN_COMMA = YES;
				CLANG_WARN_CONSTANT_CONVERSION = YES;
				CLANG_WARN_DEPRECATED_OBJC_IMPLEMENTATIONS = YES;
				CLANG_WARN_DIRECT_OBJC_ISA_USAGE = YES_ERROR;
				CLANG_WARN_DOCUMENTATION_COMMENTS = YES;
				CLANG_WARN_EMPTY_BODY = YES;
				CLANG_WARN_ENUM_CONVERSION = YES;
				CLANG_WARN_INFINITE_RECURSION = YES;
				CLANG_WARN_INT_CONVERSION = YES;
				CLANG_WARN_NON_LITERAL_NULL_CONVERSION = YES;
				CLANG_WARN_OBJC_IMPLICIT_RETAIN_SELF = YES;
				CLANG_WARN_OBJC_LITERAL_CONVERSION = YES;
				CLANG_WARN_OBJC_ROOT_CLASS = YES_ERROR;
				CLANG_WARN_QUOTED_INCLUDE_IN_FRAMEWORK_HEADER = YES;
				CLANG_WARN_RANGE_LOOP_ANALYSIS = YES;
				CLANG_WARN_STRICT_PROTOTYPES = YES;
				CLANG_WARN_SUSPICIOUS_MOVE = YES;
				CLANG_WARN_UNGUARDED_AVAILABILITY = YES_AGGRESSIVE;
				CLANG_WARN_UNREACHABLE_CODE = YES;
				CLANG_WARN__DUPLICATE_METHOD_MATCH = YES;
				COPY_PHASE_STRIP = NO;
				DEBUG_INFORMATION_FORMAT = dwarf;
				ENABLE_STRICT_OBJC_MSGSEND = YES;
				ENABLE_TESTABILITY = YES;
				ENABLE_USER_SCRIPT_SANDBOXING = YES;
				GCC_C_LANGUAGE_STANDARD = gnu17;
				GCC_DYNAMIC_NO_PIC = NO;
				GCC_NO_COMMON_BLOCKS = YES;
				GCC_OPTIMIZATION_LEVEL = 0;
				GCC_PREPROCESSOR_DEFINITIONS = (
					"DEBUG=1",
					"$(inherited)",
				);
				GCC_WARN_64_TO_32_BIT_CONVERSION = YES;
				GCC_WARN_ABOUT_RETURN_TYPE = YES_ERROR;
				GCC_WARN_UNDECLARED_SELECTOR = YES;
				GCC_WARN_UNINITIALIZED_AUTOS = YES_AGGRESSIVE;
				GCC_WARN_UNUSED_FUNCTION = YES;
				GCC_WARN_UNUSED_VARIABLE = YES;
				IPHONEOS_DEPLOYMENT_TARGET = 17.5;
				LOCALIZATION_PREFERS_STRING_CATALOGS = YES;
				MTL_ENABLE_DEBUG_INFO = INCLUDE_SOURCE;
				MTL_FAST_MATH = YES;
				ONLY_ACTIVE_ARCH = YES;
				SDKROOT = iphoneos;
				SWIFT_ACTIVE_COMPILATION_CONDITIONS = "DEBUG $(inherited)";
				SWIFT_OPTIMIZATION_LEVEL = "-Onone";
			};
			name = Debug;
		};
		8E1560BB2C02340B00101444 /* Release */ = {
			isa = XCBuildConfiguration;
			buildSettings = {
				ALWAYS_SEARCH_USER_PATHS = NO;
				ASSETCATALOG_COMPILER_GENERATE_SWIFT_ASSET_SYMBOL_EXTENSIONS = YES;
				CLANG_ANALYZER_NONNULL = YES;
				CLANG_ANALYZER_NUMBER_OBJECT_CONVERSION = YES_AGGRESSIVE;
				CLANG_CXX_LANGUAGE_STANDARD = "gnu++20";
				CLANG_ENABLE_MODULES = YES;
				CLANG_ENABLE_OBJC_ARC = YES;
				CLANG_ENABLE_OBJC_WEAK = YES;
				CLANG_WARN_BLOCK_CAPTURE_AUTORELEASING = YES;
				CLANG_WARN_BOOL_CONVERSION = YES;
				CLANG_WARN_COMMA = YES;
				CLANG_WARN_CONSTANT_CONVERSION = YES;
				CLANG_WARN_DEPRECATED_OBJC_IMPLEMENTATIONS = YES;
				CLANG_WARN_DIRECT_OBJC_ISA_USAGE = YES_ERROR;
				CLANG_WARN_DOCUMENTATION_COMMENTS = YES;
				CLANG_WARN_EMPTY_BODY = YES;
				CLANG_WARN_ENUM_CONVERSION = YES;
				CLANG_WARN_INFINITE_RECURSION = YES;
				CLANG_WARN_INT_CONVERSION = YES;
				CLANG_WARN_NON_LITERAL_NULL_CONVERSION = YES;
				CLANG_WARN_OBJC_IMPLICIT_RETAIN_SELF = YES;
				CLANG_WARN_OBJC_LITERAL_CONVERSION = YES;
				CLANG_WARN_OBJC_ROOT_CLASS = YES_ERROR;
				CLANG_WARN_QUOTED_INCLUDE_IN_FRAMEWORK_HEADER = YES;
				CLANG_WARN_RANGE_LOOP_ANALYSIS = YES;
				CLANG_WARN_STRICT_PROTOTYPES = YES;
				CLANG_WARN_SUSPICIOUS_MOVE = YES;
				CLANG_WARN_UNGUARDED_AVAILABILITY = YES_AGGRESSIVE;
				CLANG_WARN_UNREACHABLE_CODE = YES;
				CLANG_WARN__DUPLICATE_METHOD_MATCH = YES;
				COPY_PHASE_STRIP = NO;
				DEBUG_INFORMATION_FORMAT = "dwarf-with-dsym";
				ENABLE_NS_ASSERTIONS = NO;
				ENABLE_STRICT_OBJC_MSGSEND = YES;
				ENABLE_USER_SCRIPT_SANDBOXING = YES;
				GCC_C_LANGUAGE_STANDARD = gnu17;
				GCC_NO_COMMON_BLOCKS = YES;
				GCC_WARN_64_TO_32_BIT_CONVERSION = YES;
				GCC_WARN_ABOUT_RETURN_TYPE = YES_ERROR;
				GCC_WARN_UNDECLARED_SELECTOR = YES;
				GCC_WARN_UNINITIALIZED_AUTOS = YES_AGGRESSIVE;
				GCC_WARN_UNUSED_FUNCTION = YES;
				GCC_WARN_UNUSED_VARIABLE = YES;
				IPHONEOS_DEPLOYMENT_TARGET = 17.5;
				LOCALIZATION_PREFERS_STRING_CATALOGS = YES;
				MTL_ENABLE_DEBUG_INFO = NO;
				MTL_FAST_MATH = YES;
				SDKROOT = iphoneos;
				SWIFT_COMPILATION_MODE = wholemodule;
				VALIDATE_PRODUCT = YES;
			};
			name = Release;
		};
		8E1560BD2C02340B00101444 /* Debug */ = {
			isa = XCBuildConfiguration;
			buildSettings = {
				ASSETCATALOG_COMPILER_APPICON_NAME = AppIcon;
				ASSETCATALOG_COMPILER_GLOBAL_ACCENT_COLOR_NAME = AccentColor;
				CODE_SIGN_STYLE = Automatic;
				CURRENT_PROJECT_VERSION = 1;
				DEVELOPMENT_ASSET_PATHS = "\"ContributionGraph/Preview Content\"";
				DEVELOPMENT_TEAM = NHHJULCRLN;
				ENABLE_PREVIEWS = YES;
				GENERATE_INFOPLIST_FILE = YES;
				INFOPLIST_KEY_UIApplicationSceneManifest_Generation = YES;
				INFOPLIST_KEY_UIApplicationSupportsIndirectInputEvents = YES;
				INFOPLIST_KEY_UILaunchScreen_Generation = YES;
				INFOPLIST_KEY_UISupportedInterfaceOrientations_iPad = "UIInterfaceOrientationPortrait UIInterfaceOrientationPortraitUpsideDown UIInterfaceOrientationLandscapeLeft UIInterfaceOrientationLandscapeRight";
				INFOPLIST_KEY_UISupportedInterfaceOrientations_iPhone = "UIInterfaceOrientationPortrait UIInterfaceOrientationLandscapeLeft UIInterfaceOrientationLandscapeRight";
				LD_RUNPATH_SEARCH_PATHS = (
					"$(inherited)",
					"@executable_path/Frameworks",
				);
				MARKETING_VERSION = 1.0;
				PRODUCT_BUNDLE_IDENTIFIER = online.catguardian.vis.ContributionGraph;
				PRODUCT_NAME = "$(TARGET_NAME)";
				SWIFT_EMIT_LOC_STRINGS = YES;
				SWIFT_VERSION = 5.0;
				TARGETED_DEVICE_FAMILY = "1,2";
			};
			name = Debug;
		};
		8E1560BE2C02340B00101444 /* Release */ = {
			isa = XCBuildConfiguration;
			buildSettings = {
				ASSETCATALOG_COMPILER_APPICON_NAME = AppIcon;
				ASSETCATALOG_COMPILER_GLOBAL_ACCENT_COLOR_NAME = AccentColor;
				CODE_SIGN_STYLE = Automatic;
				CURRENT_PROJECT_VERSION = 1;
				DEVELOPMENT_ASSET_PATHS = "\"ContributionGraph/Preview Content\"";
				DEVELOPMENT_TEAM = NHHJULCRLN;
				ENABLE_PREVIEWS = YES;
				GENERATE_INFOPLIST_FILE = YES;
				INFOPLIST_KEY_UIApplicationSceneManifest_Generation = YES;
				INFOPLIST_KEY_UIApplicationSupportsIndirectInputEvents = YES;
				INFOPLIST_KEY_UILaunchScreen_Generation = YES;
				INFOPLIST_KEY_UISupportedInterfaceOrientations_iPad = "UIInterfaceOrientationPortrait UIInterfaceOrientationPortraitUpsideDown UIInterfaceOrientationLandscapeLeft UIInterfaceOrientationLandscapeRight";
				INFOPLIST_KEY_UISupportedInterfaceOrientations_iPhone = "UIInterfaceOrientationPortrait UIInterfaceOrientationLandscapeLeft UIInterfaceOrientationLandscapeRight";
				LD_RUNPATH_SEARCH_PATHS = (
					"$(inherited)",
					"@executable_path/Frameworks",
				);
				MARKETING_VERSION = 1.0;
				PRODUCT_BUNDLE_IDENTIFIER = online.catguardian.vis.ContributionGraph;
				PRODUCT_NAME = "$(TARGET_NAME)";
				SWIFT_EMIT_LOC_STRINGS = YES;
				SWIFT_VERSION = 5.0;
				TARGETED_DEVICE_FAMILY = "1,2";
			};
			name = Release;
		};
		8E820D982C02B65C00CCB746 /* Debug */ = {
			isa = XCBuildConfiguration;
			buildSettings = {
				BUNDLE_LOADER = "$(TEST_HOST)";
				CODE_SIGN_STYLE = Automatic;
				CURRENT_PROJECT_VERSION = 1;
				DEVELOPMENT_TEAM = NHHJULCRLN;
				GENERATE_INFOPLIST_FILE = YES;
				MARKETING_VERSION = 1.0;
				PRODUCT_BUNDLE_IDENTIFIER = online.catguardian.vis.ContributionGraphTests;
				PRODUCT_NAME = "$(TARGET_NAME)";
				SWIFT_EMIT_LOC_STRINGS = NO;
				SWIFT_VERSION = 5.0;
				TARGETED_DEVICE_FAMILY = "1,2";
				TEST_HOST = "$(BUILT_PRODUCTS_DIR)/ContributionGraph.app/$(BUNDLE_EXECUTABLE_FOLDER_PATH)/ContributionGraph";
			};
			name = Debug;
		};
		8E820D992C02B65C00CCB746 /* Release */ = {
			isa = XCBuildConfiguration;
			buildSettings = {
				BUNDLE_LOADER = "$(TEST_HOST)";
				CODE_SIGN_STYLE = Automatic;
				CURRENT_PROJECT_VERSION = 1;
				DEVELOPMENT_TEAM = NHHJULCRLN;
				GENERATE_INFOPLIST_FILE = YES;
				MARKETING_VERSION = 1.0;
				PRODUCT_BUNDLE_IDENTIFIER = online.catguardian.vis.ContributionGraphTests;
				PRODUCT_NAME = "$(TARGET_NAME)";
				SWIFT_EMIT_LOC_STRINGS = NO;
				SWIFT_VERSION = 5.0;
				TARGETED_DEVICE_FAMILY = "1,2";
				TEST_HOST = "$(BUILT_PRODUCTS_DIR)/ContributionGraph.app/$(BUNDLE_EXECUTABLE_FOLDER_PATH)/ContributionGraph";
			};
			name = Release;
		};
/* End XCBuildConfiguration section */

/* Begin XCConfigurationList section */
		8E1560932C02340A00101444 /* Build configuration list for PBXProject "ContributionGraph" */ = {
			isa = XCConfigurationList;
			buildConfigurations = (
				8E1560BA2C02340B00101444 /* Debug */,
				8E1560BB2C02340B00101444 /* Release */,
			);
			defaultConfigurationIsVisible = 0;
			defaultConfigurationName = Release;
		};
		8E1560BC2C02340B00101444 /* Build configuration list for PBXNativeTarget "ContributionGraph" */ = {
			isa = XCConfigurationList;
			buildConfigurations = (
				8E1560BD2C02340B00101444 /* Debug */,
				8E1560BE2C02340B00101444 /* Release */,
			);
			defaultConfigurationIsVisible = 0;
			defaultConfigurationName = Release;
		};
		8E820D972C02B65C00CCB746 /* Build configuration list for PBXNativeTarget "ContributionGraphTests" */ = {
			isa = XCConfigurationList;
			buildConfigurations = (
				8E820D982C02B65C00CCB746 /* Debug */,
				8E820D992C02B65C00CCB746 /* Release */,
			);
			defaultConfigurationIsVisible = 0;
			defaultConfigurationName = Release;
		};
/* End XCConfigurationList section */
	};
	rootObject = 8E1560902C02340A00101444 /* Project object */;
}
